
Microsoft Visual Studio Solution File, Format Version 10.00
# Visual Studio 2008
Project("{8BC9CEB8-8B4A-11D0-8D11-00A0C91BC942}") = "Vision", "Vision\Vision.vcproj", "{2E9868D1-19F7-4DE8-B820-7AEDA3F04C49}"
EndProject
Project("{8BC9CEB8-8B4A-11D0-8D11-00A0C91BC942}") = "VisionTests", "VisionTests\VisionTests.vcproj", "{8A289A9B-0037-4F70-8145-922EC4A2F7A3}"
	ProjectSection(ProjectDependencies) = postProject
		{2E9868D1-19F7-4DE8-B820-7AEDA3F04C49} = {2E9868D1-19F7-4DE8-B820-7AEDA3F04C49}
	EndProjectSection
EndProject
Project("{8BC9CEB8-8B4A-11D0-8D11-00A0C91BC942}") = "Sonar", "Sonar\Sonar.vcproj", "{8BDE01B1-0125-41C1-A1BC-1D416596FBFE}"
EndProject
Project("{8BC9CEB8-8B4A-11D0-8D11-00A0C91BC942}") = "SonarUnitTests", "SonarUnitTests\SonarUnitTests.vcproj", "{DFD0E956-5DF1-41E5-A71C-C70186D4C898}"
	ProjectSection(ProjectDependencies) = postProject
		{8BDE01B1-0125-41C1-A1BC-1D416596FBFE} = {8BDE01B1-0125-41C1-A1BC-1D416596FBFE}
	EndProjectSection
EndProject
Project("{2150E333-8FDC-42A3-9474-1A3956D46DE8}") = "Solution Items", "Solution Items", "{4172383A-757B-4651-B955-E8314703975C}"
	ProjectSection(SolutionItems) = preProject
		LocalTestRun.testrunconfig = LocalTestRun.testrunconfig
		Sauron2.vsmdi = Sauron2.vsmdi
		Sauron3.vsmdi = Sauron3.vsmdi
		Sauron4.vsmdi = Sauron4.vsmdi
		Sauron5.vsmdi = Sauron5.vsmdi
		Sauron6.vsmdi = Sauron6.vsmdi
		Sauron7.vsmdi = Sauron7.vsmdi
	EndProjectSection
EndProject
Project("{2150E333-8FDC-42A3-9474-1A3956D46DE8}") = "Common", "Common", "{91A629FA-8772-4B73-9941-FF6449B3E91E}"
	ProjectSection(SolutionItems) = preProject
		Common\ArSilentTelop.h = Common\ArSilentTelop.h
		Common\BaseTypes.h = Common\BaseTypes.h
		Common\CallbackProvider.h = Common\CallbackProvider.h
		Common\Line.h = Common\Line.h
		Common\LineSegment.h = Common\LineSegment.h
		Common\log.h = Common\log.h
		Common\Map.h = Common\Map.h
		Common\MathHelper.h = Common\MathHelper.h
		Common\Point2D.h = Common\Point2D.h
		Common\Point2DImpl.h = Common\Point2DImpl.h
		Common\Pose.h = Common\Pose.h
	EndProjectSection
EndProject
Project("{8BC9CEB8-8B4A-11D0-8D11-00A0C91BC942}") = "RobotDataGatherer", "RobotDataGatherer\RobotDataGatherer.vcproj", "{26503FBF-85A0-4123-96A8-4DC530D61FE3}"
	ProjectSection(ProjectDependencies) = postProject
		{8BDE01B1-0125-41C1-A1BC-1D416596FBFE} = {8BDE01B1-0125-41C1-A1BC-1D416596FBFE}
	EndProjectSection
EndProject
Project("{8BC9CEB8-8B4A-11D0-8D11-00A0C91BC942}") = "ModeloDinamica", "ModeloDinamica\ModeloDinamica.vcproj", "{1A5C0BF3-901C-4B78-B7B9-6062C157EAA7}"
EndProject
Project("{8BC9CEB8-8B4A-11D0-8D11-00A0C91BC942}") = "Localization", "Localization\Localization.vcproj", "{BE154110-BA5F-4DA4-B9C3-517CE4CAAA0D}"
	ProjectSection(ProjectDependencies) = postProject
		{8BDE01B1-0125-41C1-A1BC-1D416596FBFE} = {8BDE01B1-0125-41C1-A1BC-1D416596FBFE}
		{2E9868D1-19F7-4DE8-B820-7AEDA3F04C49} = {2E9868D1-19F7-4DE8-B820-7AEDA3F04C49}
		{1A5C0BF3-901C-4B78-B7B9-6062C157EAA7} = {1A5C0BF3-901C-4B78-B7B9-6062C157EAA7}
	EndProjectSection
EndProject
Project("{8BC9CEB8-8B4A-11D0-8D11-00A0C91BC942}") = "SonarTests", "SonarTests\SonarTests.vcproj", "{57E76DFA-827A-4B3E-9877-ABA59BBA8493}"
	ProjectSection(ProjectDependencies) = postProject
		{8BDE01B1-0125-41C1-A1BC-1D416596FBFE} = {8BDE01B1-0125-41C1-A1BC-1D416596FBFE}
	EndProjectSection
EndProject
Project("{8BC9CEB8-8B4A-11D0-8D11-00A0C91BC942}") = "LocalizationTests", "LocalizationTests\LocalizationTests.vcproj", "{42229D51-F140-47CE-8A87-7EB8108286D1}"
	ProjectSection(ProjectDependencies) = postProject
		{BE154110-BA5F-4DA4-B9C3-517CE4CAAA0D} = {BE154110-BA5F-4DA4-B9C3-517CE4CAAA0D}
		{04ED78B1-D2D4-48EE-BC76-461390E5F098} = {04ED78B1-D2D4-48EE-BC76-461390E5F098}
		{2E9868D1-19F7-4DE8-B820-7AEDA3F04C49} = {2E9868D1-19F7-4DE8-B820-7AEDA3F04C49}
		{C80409F3-4BDA-4F3A-9A93-E987CC10FAF8} = {C80409F3-4BDA-4F3A-9A93-E987CC10FAF8}
	EndProjectSection
EndProject
Project("{8BC9CEB8-8B4A-11D0-8D11-00A0C91BC942}") = "Navigation", "Navigation\Navigation.vcproj", "{04ED78B1-D2D4-48EE-BC76-461390E5F098}"
EndProject
Project("{8BC9CEB8-8B4A-11D0-8D11-00A0C91BC942}") = "NavigationTests", "NavigationTests\NavigationTests.vcproj", "{C87BB8DC-51A9-49C1-B87A-FD058F18A877}"
	ProjectSection(ProjectDependencies) = postProject
		{BE154110-BA5F-4DA4-B9C3-517CE4CAAA0D} = {BE154110-BA5F-4DA4-B9C3-517CE4CAAA0D}
		{04ED78B1-D2D4-48EE-BC76-461390E5F098} = {04ED78B1-D2D4-48EE-BC76-461390E5F098}
		{C80409F3-4BDA-4F3A-9A93-E987CC10FAF8} = {C80409F3-4BDA-4F3A-9A93-E987CC10FAF8}
	EndProjectSection
EndProject
Project("{8BC9CEB8-8B4A-11D0-8D11-00A0C91BC942}") = "TestInfrastructure", "TestInfrastructure\TestInfrastructure.vcproj", "{C80409F3-4BDA-4F3A-9A93-E987CC10FAF8}"
EndProject
Project("{FAE04EC0-301F-11D3-BF4B-00C04F79EFBC}") = "SauronWPFController", "SauronWPFController\SauronWPFController.csproj", "{B25E3989-2694-45FE-9A7B-5263A54377D0}"
EndProject
Project("{8BC9CEB8-8B4A-11D0-8D11-00A0C91BC942}") = "SauronServer", "SauronServer\SauronServer.vcproj", "{AB113112-25B2-4069-9555-BC24F3C5265E}"
	ProjectSection(ProjectDependencies) = postProject
		{BE154110-BA5F-4DA4-B9C3-517CE4CAAA0D} = {BE154110-BA5F-4DA4-B9C3-517CE4CAAA0D}
		{04ED78B1-D2D4-48EE-BC76-461390E5F098} = {04ED78B1-D2D4-48EE-BC76-461390E5F098}
		{C80409F3-4BDA-4F3A-9A93-E987CC10FAF8} = {C80409F3-4BDA-4F3A-9A93-E987CC10FAF8}
	EndProjectSection
EndProject
Project("{2150E333-8FDC-42A3-9474-1A3956D46DE8}") = "Maps", "Maps", "{FBF49F3A-7C89-4A28-A1B2-0A2236C0C5CA}"
EndProject
Global
	GlobalSection(SolutionConfigurationPlatforms) = preSolution
		Debug|Any CPU = Debug|Any CPU
		Debug|Mixed Platforms = Debug|Mixed Platforms
		Debug|Win32 = Debug|Win32
		Release|Any CPU = Release|Any CPU
		Release|Mixed Platforms = Release|Mixed Platforms
		Release|Win32 = Release|Win32
		UnitTest|Any CPU = UnitTest|Any CPU
		UnitTest|Mixed Platforms = UnitTest|Mixed Platforms
		UnitTest|Win32 = UnitTest|Win32
	EndGlobalSection
	GlobalSection(ProjectConfigurationPlatforms) = postSolution
		{2E9868D1-19F7-4DE8-B820-7AEDA3F04C49}.Debug|Any CPU.ActiveCfg = Debug|Win32
		{2E9868D1-19F7-4DE8-B820-7AEDA3F04C49}.Debug|Mixed Platforms.ActiveCfg = Debug|Win32
		{2E9868D1-19F7-4DE8-B820-7AEDA3F04C49}.Debug|Win32.ActiveCfg = Debug|Win32
		{2E9868D1-19F7-4DE8-B820-7AEDA3F04C49}.Release|Any CPU.ActiveCfg = Release|Win32
		{2E9868D1-19F7-4DE8-B820-7AEDA3F04C49}.Release|Mixed Platforms.ActiveCfg = Release|Win32
		{2E9868D1-19F7-4DE8-B820-7AEDA3F04C49}.Release|Mixed Platforms.Build.0 = Release|Win32
		{2E9868D1-19F7-4DE8-B820-7AEDA3F04C49}.Release|Win32.ActiveCfg = Release|Win32
		{2E9868D1-19F7-4DE8-B820-7AEDA3F04C49}.UnitTest|Any CPU.ActiveCfg = Release|Win32
		{2E9868D1-19F7-4DE8-B820-7AEDA3F04C49}.UnitTest|Mixed Platforms.ActiveCfg = Release|Win32
		{2E9868D1-19F7-4DE8-B820-7AEDA3F04C49}.UnitTest|Mixed Platforms.Build.0 = Release|Win32
		{2E9868D1-19F7-4DE8-B820-7AEDA3F04C49}.UnitTest|Win32.ActiveCfg = Debug|Win32
		{8A289A9B-0037-4F70-8145-922EC4A2F7A3}.Debug|Any CPU.ActiveCfg = Debug|Win32
		{8A289A9B-0037-4F70-8145-922EC4A2F7A3}.Debug|Mixed Platforms.ActiveCfg = Debug|Win32
		{8A289A9B-0037-4F70-8145-922EC4A2F7A3}.Debug|Win32.ActiveCfg = Debug|Win32
		{8A289A9B-0037-4F70-8145-922EC4A2F7A3}.Release|Any CPU.ActiveCfg = Release|Win32
		{8A289A9B-0037-4F70-8145-922EC4A2F7A3}.Release|Mixed Platforms.ActiveCfg = Release|Win32
		{8A289A9B-0037-4F70-8145-922EC4A2F7A3}.Release|Mixed Platforms.Build.0 = Release|Win32
		{8A289A9B-0037-4F70-8145-922EC4A2F7A3}.Release|Win32.ActiveCfg = Release|Win32
		{8A289A9B-0037-4F70-8145-922EC4A2F7A3}.UnitTest|Any CPU.ActiveCfg = Release|Win32
		{8A289A9B-0037-4F70-8145-922EC4A2F7A3}.UnitTest|Mixed Platforms.ActiveCfg = Release|Win32
		{8A289A9B-0037-4F70-8145-922EC4A2F7A3}.UnitTest|Mixed Platforms.Build.0 = Release|Win32
		{8A289A9B-0037-4F70-8145-922EC4A2F7A3}.UnitTest|Win32.ActiveCfg = Debug|Win32
		{8BDE01B1-0125-41C1-A1BC-1D416596FBFE}.Debug|Any CPU.ActiveCfg = Debug|Win32
		{8BDE01B1-0125-41C1-A1BC-1D416596FBFE}.Debug|Mixed Platforms.ActiveCfg = Debug|Win32
		{8BDE01B1-0125-41C1-A1BC-1D416596FBFE}.Debug|Win32.ActiveCfg = Debug|Win32
		{8BDE01B1-0125-41C1-A1BC-1D416596FBFE}.Debug|Win32.Build.0 = Debug|Win32
		{8BDE01B1-0125-41C1-A1BC-1D416596FBFE}.Release|Any CPU.ActiveCfg = Release|Win32
		{8BDE01B1-0125-41C1-A1BC-1D416596FBFE}.Release|Mixed Platforms.ActiveCfg = Release|Win32
		{8BDE01B1-0125-41C1-A1BC-1D416596FBFE}.Release|Mixed Platforms.Build.0 = Release|Win32
		{8BDE01B1-0125-41C1-A1BC-1D416596FBFE}.Release|Win32.ActiveCfg = Release|Win32
		{8BDE01B1-0125-41C1-A1BC-1D416596FBFE}.Release|Win32.Build.0 = Release|Win32
		{8BDE01B1-0125-41C1-A1BC-1D416596FBFE}.UnitTest|Any CPU.ActiveCfg = UnitTest|Win32
		{8BDE01B1-0125-41C1-A1BC-1D416596FBFE}.UnitTest|Mixed Platforms.ActiveCfg = UnitTest|Win32
		{8BDE01B1-0125-41C1-A1BC-1D416596FBFE}.UnitTest|Mixed Platforms.Build.0 = UnitTest|Win32
		{8BDE01B1-0125-41C1-A1BC-1D416596FBFE}.UnitTest|Win32.ActiveCfg = UnitTest|Win32
		{8BDE01B1-0125-41C1-A1BC-1D416596FBFE}.UnitTest|Win32.Build.0 = UnitTest|Win32
		{DFD0E956-5DF1-41E5-A71C-C70186D4C898}.Debug|Any CPU.ActiveCfg = Debug|Win32
		{DFD0E956-5DF1-41E5-A71C-C70186D4C898}.Debug|Mixed Platforms.ActiveCfg = Debug|Win32
		{DFD0E956-5DF1-41E5-A71C-C70186D4C898}.Debug|Win32.ActiveCfg = Debug|Win32
		{DFD0E956-5DF1-41E5-A71C-C70186D4C898}.Release|Any CPU.ActiveCfg = Release|Win32
		{DFD0E956-5DF1-41E5-A71C-C70186D4C898}.Release|Mixed Platforms.ActiveCfg = Release|Win32
		{DFD0E956-5DF1-41E5-A71C-C70186D4C898}.Release|Mixed Platforms.Build.0 = Release|Win32
		{DFD0E956-5DF1-41E5-A71C-C70186D4C898}.Release|Win32.ActiveCfg = Release|Win32
		{DFD0E956-5DF1-41E5-A71C-C70186D4C898}.UnitTest|Any CPU.ActiveCfg = Release|Win32
		{DFD0E956-5DF1-41E5-A71C-C70186D4C898}.UnitTest|Mixed Platforms.ActiveCfg = Release|Win32
		{DFD0E956-5DF1-41E5-A71C-C70186D4C898}.UnitTest|Mixed Platforms.Build.0 = Release|Win32
		{DFD0E956-5DF1-41E5-A71C-C70186D4C898}.UnitTest|Win32.ActiveCfg = Debug|Win32
		{DFD0E956-5DF1-41E5-A71C-C70186D4C898}.UnitTest|Win32.Build.0 = Debug|Win32
		{26503FBF-85A0-4123-96A8-4DC530D61FE3}.Debug|Any CPU.ActiveCfg = Debug|Win32
		{26503FBF-85A0-4123-96A8-4DC530D61FE3}.Debug|Mixed Platforms.ActiveCfg = Debug|Win32
		{26503FBF-85A0-4123-96A8-4DC530D61FE3}.Debug|Win32.ActiveCfg = Debug|Win32
		{26503FBF-85A0-4123-96A8-4DC530D61FE3}.Release|Any CPU.ActiveCfg = Release|Win32
		{26503FBF-85A0-4123-96A8-4DC530D61FE3}.Release|Mixed Platforms.ActiveCfg = Release|Win32
		{26503FBF-85A0-4123-96A8-4DC530D61FE3}.Release|Mixed Platforms.Build.0 = Release|Win32
		{26503FBF-85A0-4123-96A8-4DC530D61FE3}.Release|Win32.ActiveCfg = Release|Win32
		{26503FBF-85A0-4123-96A8-4DC530D61FE3}.UnitTest|Any CPU.ActiveCfg = Release|Win32
		{26503FBF-85A0-4123-96A8-4DC530D61FE3}.UnitTest|Mixed Platforms.ActiveCfg = Release|Win32
		{26503FBF-85A0-4123-96A8-4DC530D61FE3}.UnitTest|Mixed Platforms.Build.0 = Release|Win32
		{26503FBF-85A0-4123-96A8-4DC530D61FE3}.UnitTest|Win32.ActiveCfg = Debug|Win32
		{1A5C0BF3-901C-4B78-B7B9-6062C157EAA7}.Debug|Any CPU.ActiveCfg = Debug|Win32
		{1A5C0BF3-901C-4B78-B7B9-6062C157EAA7}.Debug|Mixed Platforms.ActiveCfg = Debug|Win32
		{1A5C0BF3-901C-4B78-B7B9-6062C157EAA7}.Debug|Win32.ActiveCfg = Debug|Win32
		{1A5C0BF3-901C-4B78-B7B9-6062C157EAA7}.Debug|Win32.Build.0 = Debug|Win32
		{1A5C0BF3-901C-4B78-B7B9-6062C157EAA7}.Release|Any CPU.ActiveCfg = Release|Win32
		{1A5C0BF3-901C-4B78-B7B9-6062C157EAA7}.Release|Mixed Platforms.ActiveCfg = Release|Win32
		{1A5C0BF3-901C-4B78-B7B9-6062C157EAA7}.Release|Mixed Platforms.Build.0 = Release|Win32
		{1A5C0BF3-901C-4B78-B7B9-6062C157EAA7}.Release|Win32.ActiveCfg = Release|Win32
		{1A5C0BF3-901C-4B78-B7B9-6062C157EAA7}.Release|Win32.Build.0 = Release|Win32
		{1A5C0BF3-901C-4B78-B7B9-6062C157EAA7}.UnitTest|Any CPU.ActiveCfg = Release|Win32
		{1A5C0BF3-901C-4B78-B7B9-6062C157EAA7}.UnitTest|Mixed Platforms.ActiveCfg = Release|Win32
		{1A5C0BF3-901C-4B78-B7B9-6062C157EAA7}.UnitTest|Mixed Platforms.Build.0 = Release|Win32
		{1A5C0BF3-901C-4B78-B7B9-6062C157EAA7}.UnitTest|Win32.ActiveCfg = Debug|Win32
		{1A5C0BF3-901C-4B78-B7B9-6062C157EAA7}.UnitTest|Win32.Build.0 = Debug|Win32
		{BE154110-BA5F-4DA4-B9C3-517CE4CAAA0D}.Debug|Any CPU.ActiveCfg = Debug|Win32
		{BE154110-BA5F-4DA4-B9C3-517CE4CAAA0D}.Debug|Mixed Platforms.ActiveCfg = Debug|Win32
		{BE154110-BA5F-4DA4-B9C3-517CE4CAAA0D}.Debug|Win32.ActiveCfg = Debug|Win32
		{BE154110-BA5F-4DA4-B9C3-517CE4CAAA0D}.Debug|Win32.Build.0 = Debug|Win32
		{BE154110-BA5F-4DA4-B9C3-517CE4CAAA0D}.Release|Any CPU.ActiveCfg = Release|Win32
		{BE154110-BA5F-4DA4-B9C3-517CE4CAAA0D}.Release|Mixed Platforms.ActiveCfg = Release|Win32
		{BE154110-BA5F-4DA4-B9C3-517CE4CAAA0D}.Release|Mixed Platforms.Build.0 = Release|Win32
		{BE154110-BA5F-4DA4-B9C3-517CE4CAAA0D}.Release|Win32.ActiveCfg = Release|Win32
		{BE154110-BA5F-4DA4-B9C3-517CE4CAAA0D}.Release|Win32.Build.0 = Release|Win32
		{BE154110-BA5F-4DA4-B9C3-517CE4CAAA0D}.UnitTest|Any CPU.ActiveCfg = Release|Win32
		{BE154110-BA5F-4DA4-B9C3-517CE4CAAA0D}.UnitTest|Mixed Platforms.ActiveCfg = Release|Win32
		{BE154110-BA5F-4DA4-B9C3-517CE4CAAA0D}.UnitTest|Mixed Platforms.Build.0 = Release|Win32
		{BE154110-BA5F-4DA4-B9C3-517CE4CAAA0D}.UnitTest|Win32.ActiveCfg = Debug|Win32
		{BE154110-BA5F-4DA4-B9C3-517CE4CAAA0D}.UnitTest|Win32.Build.0 = Debug|Win32
		{57E76DFA-827A-4B3E-9877-ABA59BBA8493}.Debug|Any CPU.ActiveCfg = Debug|Win32
		{57E76DFA-827A-4B3E-9877-ABA59BBA8493}.Debug|Mixed Platforms.ActiveCfg = Debug|Win32
		{57E76DFA-827A-4B3E-9877-ABA59BBA8493}.Debug|Win32.ActiveCfg = Debug|Win32
		{57E76DFA-827A-4B3E-9877-ABA59BBA8493}.Release|Any CPU.ActiveCfg = Release|Win32
		{57E76DFA-827A-4B3E-9877-ABA59BBA8493}.Release|Mixed Platforms.ActiveCfg = Release|Win32
		{57E76DFA-827A-4B3E-9877-ABA59BBA8493}.Release|Mixed Platforms.Build.0 = Release|Win32
		{57E76DFA-827A-4B3E-9877-ABA59BBA8493}.Release|Win32.ActiveCfg = Release|Win32
		{57E76DFA-827A-4B3E-9877-ABA59BBA8493}.UnitTest|Any CPU.ActiveCfg = Release|Win32
		{57E76DFA-827A-4B3E-9877-ABA59BBA8493}.UnitTest|Mixed Platforms.ActiveCfg = Release|Win32
		{57E76DFA-827A-4B3E-9877-ABA59BBA8493}.UnitTest|Mixed Platforms.Build.0 = Release|Win32
		{57E76DFA-827A-4B3E-9877-ABA59BBA8493}.UnitTest|Win32.ActiveCfg = Debug|Win32
		{42229D51-F140-47CE-8A87-7EB8108286D1}.Debug|Any CPU.ActiveCfg = Debug|Win32
		{42229D51-F140-47CE-8A87-7EB8108286D1}.Debug|Mixed Platforms.ActiveCfg = Debug|Win32
		{42229D51-F140-47CE-8A87-7EB8108286D1}.Debug|Win32.ActiveCfg = Debug|Win32
		{42229D51-F140-47CE-8A87-7EB8108286D1}.Release|Any CPU.ActiveCfg = Release|Win32
		{42229D51-F140-47CE-8A87-7EB8108286D1}.Release|Mixed Platforms.ActiveCfg = Release|Win32
		{42229D51-F140-47CE-8A87-7EB8108286D1}.Release|Mixed Platforms.Build.0 = Release|Win32
		{42229D51-F140-47CE-8A87-7EB8108286D1}.Release|Win32.ActiveCfg = Release|Win32
		{42229D51-F140-47CE-8A87-7EB8108286D1}.Release|Win32.Build.0 = Release|Win32
		{42229D51-F140-47CE-8A87-7EB8108286D1}.UnitTest|Any CPU.ActiveCfg = Release|Win32
		{42229D51-F140-47CE-8A87-7EB8108286D1}.UnitTest|Mixed Platforms.ActiveCfg = Release|Win32
		{42229D51-F140-47CE-8A87-7EB8108286D1}.UnitTest|Mixed Platforms.Build.0 = Release|Win32
		{42229D51-F140-47CE-8A87-7EB8108286D1}.UnitTest|Win32.ActiveCfg = Debug|Win32
		{04ED78B1-D2D4-48EE-BC76-461390E5F098}.Debug|Any CPU.ActiveCfg = Debug|Win32
		{04ED78B1-D2D4-48EE-BC76-461390E5F098}.Debug|Mixed Platforms.ActiveCfg = Debug|Win32
		{04ED78B1-D2D4-48EE-BC76-461390E5F098}.Debug|Win32.ActiveCfg = Debug|Win32
		{04ED78B1-D2D4-48EE-BC76-461390E5F098}.Debug|Win32.Build.0 = Debug|Win32
		{04ED78B1-D2D4-48EE-BC76-461390E5F098}.Release|Any CPU.ActiveCfg = Release|Win32
		{04ED78B1-D2D4-48EE-BC76-461390E5F098}.Release|Mixed Platforms.ActiveCfg = Release|Win32
		{04ED78B1-D2D4-48EE-BC76-461390E5F098}.Release|Mixed Platforms.Build.0 = Release|Win32
		{04ED78B1-D2D4-48EE-BC76-461390E5F098}.Release|Win32.ActiveCfg = Release|Win32
		{04ED78B1-D2D4-48EE-BC76-461390E5F098}.Release|Win32.Build.0 = Release|Win32
		{04ED78B1-D2D4-48EE-BC76-461390E5F098}.UnitTest|Any CPU.ActiveCfg = UnitTest|Win32
		{04ED78B1-D2D4-48EE-BC76-461390E5F098}.UnitTest|Mixed Platforms.ActiveCfg = UnitTest|Win32
		{04ED78B1-D2D4-48EE-BC76-461390E5F098}.UnitTest|Mixed Platforms.Build.0 = UnitTest|Win32
		{04ED78B1-D2D4-48EE-BC76-461390E5F098}.UnitTest|Win32.ActiveCfg = UnitTest|Win32
		{04ED78B1-D2D4-48EE-BC76-461390E5F098}.UnitTest|Win32.Build.0 = UnitTest|Win32
		{C87BB8DC-51A9-49C1-B87A-FD058F18A877}.Debug|Any CPU.ActiveCfg = Debug|Win32
		{C87BB8DC-51A9-49C1-B87A-FD058F18A877}.Debug|Mixed Platforms.ActiveCfg = Debug|Win32
		{C87BB8DC-51A9-49C1-B87A-FD058F18A877}.Debug|Win32.ActiveCfg = Debug|Win32
		{C87BB8DC-51A9-49C1-B87A-FD058F18A877}.Release|Any CPU.ActiveCfg = Release|Win32
		{C87BB8DC-51A9-49C1-B87A-FD058F18A877}.Release|Mixed Platforms.ActiveCfg = Release|Win32
		{C87BB8DC-51A9-49C1-B87A-FD058F18A877}.Release|Mixed Platforms.Build.0 = Release|Win32
		{C87BB8DC-51A9-49C1-B87A-FD058F18A877}.Release|Win32.ActiveCfg = Release|Win32
		{C87BB8DC-51A9-49C1-B87A-FD058F18A877}.UnitTest|Any CPU.ActiveCfg = Release|Win32
		{C87BB8DC-51A9-49C1-B87A-FD058F18A877}.UnitTest|Mixed Platforms.ActiveCfg = Release|Win32
		{C87BB8DC-51A9-49C1-B87A-FD058F18A877}.UnitTest|Mixed Platforms.Build.0 = Release|Win32
		{C87BB8DC-51A9-49C1-B87A-FD058F18A877}.UnitTest|Win32.ActiveCfg = Release|Win32
		{C87BB8DC-51A9-49C1-B87A-FD058F18A877}.UnitTest|Win32.Build.0 = Release|Win32
		{C80409F3-4BDA-4F3A-9A93-E987CC10FAF8}.Debug|Any CPU.ActiveCfg = Debug|Win32
		{C80409F3-4BDA-4F3A-9A93-E987CC10FAF8}.Debug|Mixed Platforms.ActiveCfg = Debug|Win32
		{C80409F3-4BDA-4F3A-9A93-E987CC10FAF8}.Debug|Win32.ActiveCfg = Debug|Win32
		{C80409F3-4BDA-4F3A-9A93-E987CC10FAF8}.Release|Any CPU.ActiveCfg = Release|Win32
		{C80409F3-4BDA-4F3A-9A93-E987CC10FAF8}.Release|Mixed Platforms.ActiveCfg = Release|Win32
		{C80409F3-4BDA-4F3A-9A93-E987CC10FAF8}.Release|Mixed Platforms.Build.0 = Release|Win32
		{C80409F3-4BDA-4F3A-9A93-E987CC10FAF8}.Release|Win32.ActiveCfg = Release|Win32
		{C80409F3-4BDA-4F3A-9A93-E987CC10FAF8}.UnitTest|Any CPU.ActiveCfg = Release|Win32
		{C80409F3-4BDA-4F3A-9A93-E987CC10FAF8}.UnitTest|Mixed Platforms.ActiveCfg = Release|Win32
		{C80409F3-4BDA-4F3A-9A93-E987CC10FAF8}.UnitTest|Mixed Platforms.Build.0 = Release|Win32
		{C80409F3-4BDA-4F3A-9A93-E987CC10FAF8}.UnitTest|Win32.ActiveCfg = Release|Win32
		{C80409F3-4BDA-4F3A-9A93-E987CC10FAF8}.UnitTest|Win32.Build.0 = Release|Win32
		{B25E3989-2694-45FE-9A7B-5263A54377D0}.Debug|Any CPU.ActiveCfg = Debug|Any CPU
		{B25E3989-2694-45FE-9A7B-5263A54377D0}.Debug|Any CPU.Build.0 = Debug|Any CPU
		{B25E3989-2694-45FE-9A7B-5263A54377D0}.Debug|Mixed Platforms.ActiveCfg = Debug|Any CPU
		{B25E3989-2694-45FE-9A7B-5263A54377D0}.Debug|Mixed Platforms.Build.0 = Debug|Any CPU
		{B25E3989-2694-45FE-9A7B-5263A54377D0}.Debug|Win32.ActiveCfg = Debug|Any CPU
		{B25E3989-2694-45FE-9A7B-5263A54377D0}.Debug|Win32.Build.0 = Debug|Any CPU
		{B25E3989-2694-45FE-9A7B-5263A54377D0}.Release|Any CPU.ActiveCfg = Release|Any CPU
		{B25E3989-2694-45FE-9A7B-5263A54377D0}.Release|Any CPU.Build.0 = Release|Any CPU
		{B25E3989-2694-45FE-9A7B-5263A54377D0}.Release|Mixed Platforms.ActiveCfg = Release|Any CPU
		{B25E3989-2694-45FE-9A7B-5263A54377D0}.Release|Mixed Platforms.Build.0 = Release|Any CPU
		{B25E3989-2694-45FE-9A7B-5263A54377D0}.Release|Win32.ActiveCfg = Release|Any CPU
		{B25E3989-2694-45FE-9A7B-5263A54377D0}.Release|Win32.Build.0 = Release|Any CPU
		{B25E3989-2694-45FE-9A7B-5263A54377D0}.UnitTest|Any CPU.ActiveCfg = Release|Any CPU
		{B25E3989-2694-45FE-9A7B-5263A54377D0}.UnitTest|Any CPU.Build.0 = Release|Any CPU
		{B25E3989-2694-45FE-9A7B-5263A54377D0}.UnitTest|Mixed Platforms.ActiveCfg = Release|Any CPU
		{B25E3989-2694-45FE-9A7B-5263A54377D0}.UnitTest|Mixed Platforms.Build.0 = Release|Any CPU
		{B25E3989-2694-45FE-9A7B-5263A54377D0}.UnitTest|Win32.ActiveCfg = Release|Any CPU
		{AB113112-25B2-4069-9555-BC24F3C5265E}.Debug|Any CPU.ActiveCfg = Debug|Win32
		{AB113112-25B2-4069-9555-BC24F3C5265E}.Debug|Mixed Platforms.ActiveCfg = Debug|Win32
		{AB113112-25B2-4069-9555-BC24F3C5265E}.Debug|Mixed Platforms.Build.0 = Debug|Win32
		{AB113112-25B2-4069-9555-BC24F3C5265E}.Debug|Win32.ActiveCfg = Debug|Win32
		{AB113112-25B2-4069-9555-BC24F3C5265E}.Debug|Win32.Build.0 = Debug|Win32
		{AB113112-25B2-4069-9555-BC24F3C5265E}.Release|Any CPU.ActiveCfg = Release|Win32
		{AB113112-25B2-4069-9555-BC24F3C5265E}.Release|Mixed Platforms.ActiveCfg = Release|Win32
		{AB113112-25B2-4069-9555-BC24F3C5265E}.Release|Mixed Platforms.Build.0 = Release|Win32
		{AB113112-25B2-4069-9555-BC24F3C5265E}.Release|Win32.ActiveCfg = Release|Win32
		{AB113112-25B2-4069-9555-BC24F3C5265E}.Release|Win32.Build.0 = Release|Win32
		{AB113112-25B2-4069-9555-BC24F3C5265E}.UnitTest|Any CPU.ActiveCfg = Release|Win32
		{AB113112-25B2-4069-9555-BC24F3C5265E}.UnitTest|Mixed Platforms.ActiveCfg = Release|Win32
		{AB113112-25B2-4069-9555-BC24F3C5265E}.UnitTest|Mixed Platforms.Build.0 = Release|Win32
		{AB113112-25B2-4069-9555-BC24F3C5265E}.UnitTest|Win32.ActiveCfg = Release|Win32
		{AB113112-25B2-4069-9555-BC24F3C5265E}.UnitTest|Win32.Build.0 = Release|Win32
	EndGlobalSection
	GlobalSection(SolutionProperties) = preSolution
		HideSolutionNode = FALSE
	EndGlobalSection
EndGlobal
