
Microsoft Visual Studio Solution File, Format Version 10.00
# Visual Studio 2008
Project("{8BC9CEB8-8B4A-11D0-8D11-00A0C91BC942}") = "Vision", "Vision\Vision.vcproj", "{2E9868D1-19F7-4DE8-B820-7AEDA3F04C49}"
EndProject
Project("{8BC9CEB8-8B4A-11D0-8D11-00A0C91BC942}") = "VisionTests", "VisionTests\VisionTests.vcproj", "{8A289A9B-0037-4F70-8145-922EC4A2F7A3}"
	ProjectSection(ProjectDependencies) = postProject
		{2E9868D1-19F7-4DE8-B820-7AEDA3F04C49} = {2E9868D1-19F7-4DE8-B820-7AEDA3F04C49}
	EndProjectSection
EndProject
Project("{8BC9CEB8-8B4A-11D0-8D11-00A0C91BC942}") = "Sonar", "Sonar\Sonar.vcproj", "{8BDE01B1-0125-41C1-A1BC-1D416596FBFE}"
EndProject
Project("{8BC9CEB8-8B4A-11D0-8D11-00A0C91BC942}") = "SonarUnitTests", "SonarUnitTests\SonarUnitTests.vcproj", "{DFD0E956-5DF1-41E5-A71C-C70186D4C898}"
	ProjectSection(ProjectDependencies) = postProject
		{8BDE01B1-0125-41C1-A1BC-1D416596FBFE} = {8BDE01B1-0125-41C1-A1BC-1D416596FBFE}
	EndProjectSection
EndProject
Project("{2150E333-8FDC-42A3-9474-1A3956D46DE8}") = "Solution Items", "Solution Items", "{4172383A-757B-4651-B955-E8314703975C}"
	ProjectSection(SolutionItems) = preProject
		LocalTestRun.testrunconfig = LocalTestRun.testrunconfig
		Sauron2.vsmdi = Sauron2.vsmdi
	EndProjectSection
EndProject
Project("{2150E333-8FDC-42A3-9474-1A3956D46DE8}") = "Common", "Common", "{91A629FA-8772-4B73-9941-FF6449B3E91E}"
	ProjectSection(SolutionItems) = preProject
		Common\BaseTypes.h = Common\BaseTypes.h
		Common\MathHelper.h = Common\MathHelper.h
		Common\Point2D.h = Common\Point2D.h
		Common\Point2DImpl.h = Common\Point2DImpl.h
		Common\Pose.h = Common\Pose.h
	EndProjectSection
EndProject
Project("{8BC9CEB8-8B4A-11D0-8D11-00A0C91BC942}") = "RobotDataGatherer", "RobotDataGatherer\RobotDataGatherer.vcproj", "{26503FBF-85A0-4123-96A8-4DC530D61FE3}"
	ProjectSection(ProjectDependencies) = postProject
		{8BDE01B1-0125-41C1-A1BC-1D416596FBFE} = {8BDE01B1-0125-41C1-A1BC-1D416596FBFE}
	EndProjectSection
EndProject
Global
	GlobalSection(TestCaseManagementSettings) = postSolution
		CategoryFile = Sauron2.vsmdi
	EndGlobalSection
	GlobalSection(SolutionConfigurationPlatforms) = preSolution
		Debug|Win32 = Debug|Win32
		Release|Win32 = Release|Win32
	EndGlobalSection
	GlobalSection(ProjectConfigurationPlatforms) = postSolution
		{2E9868D1-19F7-4DE8-B820-7AEDA3F04C49}.Debug|Win32.ActiveCfg = Debug|Win32
		{2E9868D1-19F7-4DE8-B820-7AEDA3F04C49}.Debug|Win32.Build.0 = Debug|Win32
		{2E9868D1-19F7-4DE8-B820-7AEDA3F04C49}.Release|Win32.ActiveCfg = Release|Win32
		{2E9868D1-19F7-4DE8-B820-7AEDA3F04C49}.Release|Win32.Build.0 = Release|Win32
		{8A289A9B-0037-4F70-8145-922EC4A2F7A3}.Debug|Win32.ActiveCfg = Debug|Win32
		{8A289A9B-0037-4F70-8145-922EC4A2F7A3}.Debug|Win32.Build.0 = Debug|Win32
		{8A289A9B-0037-4F70-8145-922EC4A2F7A3}.Release|Win32.ActiveCfg = Release|Win32
		{8A289A9B-0037-4F70-8145-922EC4A2F7A3}.Release|Win32.Build.0 = Release|Win32
		{8BDE01B1-0125-41C1-A1BC-1D416596FBFE}.Debug|Win32.ActiveCfg = Debug|Win32
		{8BDE01B1-0125-41C1-A1BC-1D416596FBFE}.Debug|Win32.Build.0 = Debug|Win32
		{8BDE01B1-0125-41C1-A1BC-1D416596FBFE}.Release|Win32.ActiveCfg = Release|Win32
		{8BDE01B1-0125-41C1-A1BC-1D416596FBFE}.Release|Win32.Build.0 = Release|Win32
		{DFD0E956-5DF1-41E5-A71C-C70186D4C898}.Debug|Win32.ActiveCfg = Debug|Win32
		{DFD0E956-5DF1-41E5-A71C-C70186D4C898}.Debug|Win32.Build.0 = Debug|Win32
		{DFD0E956-5DF1-41E5-A71C-C70186D4C898}.Release|Win32.ActiveCfg = Release|Win32
		{DFD0E956-5DF1-41E5-A71C-C70186D4C898}.Release|Win32.Build.0 = Release|Win32
		{26503FBF-85A0-4123-96A8-4DC530D61FE3}.Debug|Win32.ActiveCfg = Debug|Win32
		{26503FBF-85A0-4123-96A8-4DC530D61FE3}.Debug|Win32.Build.0 = Debug|Win32
		{26503FBF-85A0-4123-96A8-4DC530D61FE3}.Release|Win32.ActiveCfg = Release|Win32
		{26503FBF-85A0-4123-96A8-4DC530D61FE3}.Release|Win32.Build.0 = Release|Win32
	EndGlobalSection
	GlobalSection(SolutionProperties) = preSolution
		HideSolutionNode = FALSE
	EndGlobalSection
EndGlobal
